# THIS IS AN AUTOGENERATED FILE. DO NOT EDIT THIS FILE DIRECTLY.
# yarn lockfile v1


"@esbuild/android-arm64@0.16.10":
  version "0.16.10"
  resolved "https://registry.yarnpkg.com/@esbuild/android-arm64/-/android-arm64-0.16.10.tgz#d784d8f13dbef50492ea55456fb50651e4036fbf"
  integrity sha512-47Y+NwVKTldTlDhSgJHZ/RpvBQMUDG7eKihqaF/u6g7s0ZPz4J1vy8A3rwnnUOF2CuDn7w7Gj/QcMoWz3U3SJw==

"@esbuild/android-arm@0.16.10":
  version "0.16.10"
  resolved "https://registry.yarnpkg.com/@esbuild/android-arm/-/android-arm-0.16.10.tgz#becf6b5647c091b039121db8c17300a7dfd1ab4a"
  integrity sha512-RmJjQTRrO6VwUWDrzTBLmV4OJZTarYsiepLGlF2rYTVB701hSorPywPGvP6d8HCuuRibyXa5JX4s3jN2kHEtjQ==

"@esbuild/android-x64@0.16.10":
  version "0.16.10"
  resolved "https://registry.yarnpkg.com/@esbuild/android-x64/-/android-x64-0.16.10.tgz#648cacbb13a5047380a038e5d6d895015e31b525"
  integrity sha512-C4PfnrBMcuAcOurQzpF1tTtZz94IXO5JmICJJ3NFJRHbXXsQUg9RFG45KvydKqtFfBaFLCHpduUkUfXwIvGnRg==

"@esbuild/darwin-arm64@0.16.10":
  version "0.16.10"
  resolved "https://registry.yarnpkg.com/@esbuild/darwin-arm64/-/darwin-arm64-0.16.10.tgz#3ca7fd9a456d11752df77df6c030f2d08f27bda9"
  integrity sha512-bH/bpFwldyOKdi9HSLCLhhKeVgRYr9KblchwXgY2NeUHBB/BzTUHtUSBgGBmpydB1/4E37m+ggXXfSrnD7/E7g==

"@esbuild/darwin-x64@0.16.10":
  version "0.16.10"
  resolved "https://registry.yarnpkg.com/@esbuild/darwin-x64/-/darwin-x64-0.16.10.tgz#7eb71b8da4106627f01553def517d3c5e5942592"
  integrity sha512-OXt7ijoLuy+AjDSKQWu+KdDFMBbdeaL6wtgMKtDUXKWHiAMKHan5+R1QAG6HD4+K0nnOvEJXKHeA9QhXNAjOTQ==

"@esbuild/freebsd-arm64@0.16.10":
  version "0.16.10"
  resolved "https://registry.yarnpkg.com/@esbuild/freebsd-arm64/-/freebsd-arm64-0.16.10.tgz#c69c78ee1d17d35ad2cf76a1bb67788000a84b43"
  integrity sha512-shSQX/3GHuspE3Uxtq5kcFG/zqC+VuMnJkqV7LczO41cIe6CQaXHD3QdMLA4ziRq/m0vZo7JdterlgbmgNIAlQ==

"@esbuild/freebsd-x64@0.16.10":
  version "0.16.10"
  resolved "https://registry.yarnpkg.com/@esbuild/freebsd-x64/-/freebsd-x64-0.16.10.tgz#a9804ab1b9366f915812af24ad5cfc1c0db01441"
  integrity sha512-5YVc1zdeaJGASijZmTzSO4h6uKzsQGG3pkjI6fuXvolhm3hVRhZwnHJkforaZLmzvNv5Tb7a3QL2FAVmrgySIA==

"@esbuild/linux-arm64@0.16.10":
  version "0.16.10"
  resolved "https://registry.yarnpkg.com/@esbuild/linux-arm64/-/linux-arm64-0.16.10.tgz#d9a9ddfcb28ed8cced688bc112ef66283d6fa77f"
  integrity sha512-2aqeNVxIaRfPcIaMZIFoblLh588sWyCbmj1HHCCs9WmeNWm+EIN0SmvsmPvTa/TsNZFKnxTcvkX2eszTcCqIrA==

"@esbuild/linux-arm@0.16.10":
  version "0.16.10"
  resolved "https://registry.yarnpkg.com/@esbuild/linux-arm/-/linux-arm-0.16.10.tgz#f32cdac1d3319c83ae7f9f31238dd1284ee6bba2"
  integrity sha512-c360287ZWI2miBnvIj23bPyVctgzeMT2kQKR+x94pVqIN44h3GF8VMEs1SFPH1UgyDr3yBbx3vowDS1SVhyVhA==

"@esbuild/linux-ia32@0.16.10":
  version "0.16.10"
  resolved "https://registry.yarnpkg.com/@esbuild/linux-ia32/-/linux-ia32-0.16.10.tgz#1e023478e42f3a01cad48f4af50120d4b639af03"
  integrity sha512-sqMIEWeyrLGU7J5RB5fTkLRIFwsgsQ7ieWXlDLEmC2HblPYGb3AucD7inw2OrKFpRPKsec1l+lssiM3+NV5aOw==

"@esbuild/linux-loong64@0.16.10":
  version "0.16.10"
  resolved "https://registry.yarnpkg.com/@esbuild/linux-loong64/-/linux-loong64-0.16.10.tgz#f9098865a69d1d6e2f8bda51c7f9d4240f20b771"
  integrity sha512-O7Pd5hLEtTg37NC73pfhUOGTjx/+aXu5YoSq3ahCxcN7Bcr2F47mv+kG5t840thnsEzrv0oB70+LJu3gUgchvg==

"@esbuild/linux-mips64el@0.16.10":
  version "0.16.10"
  resolved "https://registry.yarnpkg.com/@esbuild/linux-mips64el/-/linux-mips64el-0.16.10.tgz#574725ad2ea81b7783b7ba7d1ab3475f8fdd8d32"
  integrity sha512-FN8mZOH7531iPHM0kaFhAOqqNHoAb6r/YHW2ZIxNi0a85UBi2DO4Vuyn7t1p4UN8a4LoAnLOT1PqNgHkgBJgbA==

"@esbuild/linux-ppc64@0.16.10":
  version "0.16.10"
  resolved "https://registry.yarnpkg.com/@esbuild/linux-ppc64/-/linux-ppc64-0.16.10.tgz#11da658c54514a693813af56bb28951d563a90c3"
  integrity sha512-Dg9RiqdvHOAWnOKIOTsIx8dFX9EDlY2IbPEY7YFzchrCiTZmMkD7jWA9UdZbNUygPjdmQBVPRCrLydReFlX9yg==

"@esbuild/linux-riscv64@0.16.10":
  version "0.16.10"
  resolved "https://registry.yarnpkg.com/@esbuild/linux-riscv64/-/linux-riscv64-0.16.10.tgz#3af4600adbd6c5a4a6f1da05771f4aa6774baab2"
  integrity sha512-XMqtpjwzbmlar0BJIxmzu/RZ7EWlfVfH68Vadrva0Wj5UKOdKvqskuev2jY2oPV3aoQUyXwnMbMrFmloO2GfAw==

"@esbuild/linux-s390x@0.16.10":
  version "0.16.10"
  resolved "https://registry.yarnpkg.com/@esbuild/linux-s390x/-/linux-s390x-0.16.10.tgz#9e3377aaf0191a9d6628e806a279085ec4391f3e"
  integrity sha512-fu7XtnoeRNFMx8DjK3gPWpFBDM2u5ba+FYwg27SjMJwKvJr4bDyKz5c+FLXLUSSAkMAt/UL+cUbEbra+rYtUgw==

"@esbuild/linux-x64@0.16.10":
  version "0.16.10"
  resolved "https://registry.yarnpkg.com/@esbuild/linux-x64/-/linux-x64-0.16.10.tgz#7c41d4d697ce674e0083e7baa6231468f4650d85"
  integrity sha512-61lcjVC/RldNNMUzQQdyCWjCxp9YLEQgIxErxU9XluX7juBdGKb0pvddS0vPNuCvotRbzijZ1pzII+26haWzbA==

"@esbuild/netbsd-x64@0.16.10":
  version "0.16.10"
  resolved "https://registry.yarnpkg.com/@esbuild/netbsd-x64/-/netbsd-x64-0.16.10.tgz#ebac59e3986834af04bbafcee7b0c1f31cd477c6"
  integrity sha512-JeZXCX3viSA9j4HqSoygjssdqYdfHd6yCFWyfSekLbz4Ef+D2EjvsN02ZQPwYl5a5gg/ehdHgegHhlfOFP0HCA==

"@esbuild/openbsd-x64@0.16.10":
  version "0.16.10"
  resolved "https://registry.yarnpkg.com/@esbuild/openbsd-x64/-/openbsd-x64-0.16.10.tgz#9eaa6cac3b80db45090c0946e62de5b5689c61d1"
  integrity sha512-3qpxQKuEVIIg8SebpXsp82OBrqjPV/OwNWmG+TnZDr3VGyChNnGMHccC1xkbxCHDQNnnXjxhMQNyHmdFJbmbRA==

"@esbuild/sunos-x64@0.16.10":
  version "0.16.10"
  resolved "https://registry.yarnpkg.com/@esbuild/sunos-x64/-/sunos-x64-0.16.10.tgz#31e5e4b814ef43d300e26511e486a4716a390d5f"
  integrity sha512-z+q0xZ+et/7etz7WoMyXTHZ1rB8PMSNp/FOqURLJLOPb3GWJ2aj4oCqFCjPwEbW1rsT7JPpxeH/DwGAWk/I1Bg==

"@esbuild/win32-arm64@0.16.10":
  version "0.16.10"
  resolved "https://registry.yarnpkg.com/@esbuild/win32-arm64/-/win32-arm64-0.16.10.tgz#ca58472dc03ca79e6d03f8a31113979ff253d94f"
  integrity sha512-+YYu5sbQ9npkNT9Dec+tn1F/kjg6SMgr6bfi/6FpXYZvCRfu2YFPZGb+3x8K30s8eRxFpoG4sGhiSUkr1xbHEw==

"@esbuild/win32-ia32@0.16.10":
  version "0.16.10"
  resolved "https://registry.yarnpkg.com/@esbuild/win32-ia32/-/win32-ia32-0.16.10.tgz#c572df2c65ab118feed0a5da5a4a193846d74e43"
  integrity sha512-Aw7Fupk7XNehR1ftHGYwUteyJ2q+em/aE+fVU3YMTBN2V5A7Z4aVCSV+SvCp9HIIHZavPFBpbdP3VfjQpdf6Xg==

"@esbuild/win32-x64@0.16.10":
  version "0.16.10"
  resolved "https://registry.yarnpkg.com/@esbuild/win32-x64/-/win32-x64-0.16.10.tgz#0e9c6a5e69c10d96aff2386b7ee9646138c2a831"
  integrity sha512-qddWullt3sC1EIpfHvCRBq3H4g3L86DZpD6n8k2XFjFVyp01D++uNbN1hT/JRsHxTbyyemZcpwL5aRlJwc/zFw==

"@hotwired/stimulus@^3.2.1":
  version "3.2.1"
  resolved "https://registry.yarnpkg.com/@hotwired/stimulus/-/stimulus-3.2.1.tgz#e3de23623b0c52c247aba4cd5d530d257008676b"
  integrity sha512-HGlzDcf9vv/EQrMJ5ZG6VWNs8Z/xMN+1o2OhV1gKiSG6CqZt5MCBB1gRg5ILiN3U0jEAxuDTNPRfBcnZBDmupQ==

"@hotwired/turbo-rails@^7.2.4":
  version "7.2.4"
  resolved "https://registry.yarnpkg.com/@hotwired/turbo-rails/-/turbo-rails-7.2.4.tgz#d155533e79c4ebdac23e8fe12697d821d5c06307"
  integrity sha512-givDUQqaccd19BvErz1Cf2j6MXF74m0G6I75oqFJGeXAa7vwkz9nDplefVNrALCR9Xi9j9gy32xmSI6wD0tZyA==
  dependencies:
    "@hotwired/turbo" "^7.2.4"
    "@rails/actioncable" "^7.0"

"@hotwired/turbo@^7.2.4":
  version "7.2.4"
  resolved "https://registry.yarnpkg.com/@hotwired/turbo/-/turbo-7.2.4.tgz#0d35541be32cfae3b4f78c6ab9138f5b21f28a21"
  integrity sha512-c3xlOroHp/cCZHDOuLp6uzQYEbvXBUVaal0puXoGJ9M8L/KHwZ3hQozD4dVeSN9msHWLxxtmPT1TlCN7gFhj4w==

"@rails/actioncable@^7.0", "@rails/actioncable@^7.0.4":
  version "7.0.4"
  resolved "https://registry.yarnpkg.com/@rails/actioncable/-/actioncable-7.0.4.tgz#70a3ca56809f7aaabb80af2f9c01ae51e1a8ed41"
  integrity sha512-tz4oM+Zn9CYsvtyicsa/AwzKZKL+ITHWkhiu7x+xF77clh2b4Rm+s6xnOgY/sGDWoFWZmtKsE95hxBPkgQQNnQ==

"@tiptap/core@^2.0.0-beta.209":
  version "2.0.0-beta.209"
  resolved "https://registry.yarnpkg.com/@tiptap/core/-/core-2.0.0-beta.209.tgz#fd0edb8f87a5eea70c6a11e0d7e628738a10ef3f"
  integrity sha512-DOOzfo2XKD5Qt2oEGW33/6ugwSnvpl4WbxtlKdPadLoApk6Kja3K1Eps3pihBgIGmo4tkctkCzmj8wNWS7KeWg==

"@tiptap/extension-blockquote@^2.0.0-beta.209":
  version "2.0.0-beta.209"
  resolved "https://registry.yarnpkg.com/@tiptap/extension-blockquote/-/extension-blockquote-2.0.0-beta.209.tgz#553a620007bbf039167036eab434a354934a7ceb"
  integrity sha512-ay5c+SJ1vQOL5zpsr94jN15tCt0ytd7zPMM433pkhi9ZL0qqf1fZ+D0KzDs2z8N49rfArVpoo238V3ZChBh2sA==

"@tiptap/extension-bold@^2.0.0-beta.209":
  version "2.0.0-beta.209"
  resolved "https://registry.yarnpkg.com/@tiptap/extension-bold/-/extension-bold-2.0.0-beta.209.tgz#27268311f3fd53af8e658e2fd0d65f2e43130268"
  integrity sha512-8jaoZSe55iwuEvwdM1mPhlgE+/tDyveECv0d1qogUcbPdIkhDQaNlIOmuH9Ftr465iIDthMjt4GB6AWi5tfsMg==

"@tiptap/extension-bullet-list@^2.0.0-beta.209":
  version "2.0.0-beta.209"
  resolved "https://registry.yarnpkg.com/@tiptap/extension-bullet-list/-/extension-bullet-list-2.0.0-beta.209.tgz#86e5023d330ce0dc39e42083ec839af2dbec51bc"
  integrity sha512-NGoSYakXCiKb5xrVe339Acu2iherOGQUR1bAeWgOKf+dINvIdjawnud6fIeB3n1h95aDvsmYuH1o9B+/bd7e3w==

"@tiptap/extension-code-block@^2.0.0-beta.209":
  version "2.0.0-beta.209"
  resolved "https://registry.yarnpkg.com/@tiptap/extension-code-block/-/extension-code-block-2.0.0-beta.209.tgz#653043d94293e546289912bac3ded75637980d5d"
  integrity sha512-FlMud3yhAilHrcHbW4iUEagAdvpOJW1lTSiiDfbtVpyybjNJQQMa5zhSKi4blG2xBEGXZhqL0XuWDGERNsVawQ==

"@tiptap/extension-code@^2.0.0-beta.209":
  version "2.0.0-beta.209"
  resolved "https://registry.yarnpkg.com/@tiptap/extension-code/-/extension-code-2.0.0-beta.209.tgz#dda857528043c5aa4c451bb9f63731aa809182cb"
  integrity sha512-LCcfQMroYps6o9ASpVZqYbbdTkSwxTokjmkkKKmWZlZSJ/h+1kThOnRZgcPkfSeaaC30T+LSxAXXyf1dMgl5+Q==

"@tiptap/extension-collaboration-cursor@^2.0.0-beta.209":
  version "2.0.0-beta.209"
  resolved "https://registry.yarnpkg.com/@tiptap/extension-collaboration-cursor/-/extension-collaboration-cursor-2.0.0-beta.209.tgz#c506040d2975777a659e24ffa62d989f3cc5ea76"
  integrity sha512-CVl7ueLxyyjW1o9fnZWq52BaPDy53c+F4FpgsAbI9U0jyDT3/j2K6PMoZfXpiQkMMdifF0lrtKMRvEQ4izym4g==

"@tiptap/extension-collaboration@^2.0.0-beta.209":
  version "2.0.0-beta.209"
  resolved "https://registry.yarnpkg.com/@tiptap/extension-collaboration/-/extension-collaboration-2.0.0-beta.209.tgz#d6a734354f2439716e38dcf880e3948eea3e0473"
  integrity sha512-SXdClg2RNrl/ZvVHCHBGUbvEGKLEddUEGPUEmhn7nZmXYXuMm3L2m01kH6G5mXVq9GFEwgmzfT8C4Wl75dXRFQ==

"@tiptap/extension-document@^2.0.0-beta.209":
  version "2.0.0-beta.209"
  resolved "https://registry.yarnpkg.com/@tiptap/extension-document/-/extension-document-2.0.0-beta.209.tgz#7bb4025737a5361c06d52e56406d7e0649387e88"
  integrity sha512-ZRTC5j0J6fNTtIcU6UnxJm5KZrfJI2pygCJ172mMNzwE89upJMhRSP0CvPWTY7nf0odmQTJ5vD99QDR4CdOTng==

"@tiptap/extension-dropcursor@^2.0.0-beta.209":
  version "2.0.0-beta.209"
  resolved "https://registry.yarnpkg.com/@tiptap/extension-dropcursor/-/extension-dropcursor-2.0.0-beta.209.tgz#5107e255a4c1c5ca3dae606854019d6ec6051481"
  integrity sha512-b4RxbZg4hza4p1Lp+m4CWkIIMVgoAKSo49OyvO/Y/igtQ0DcdQutSJDEPeEhuqy+jPdQFaU5GBonSvVi89Loog==

"@tiptap/extension-gapcursor@^2.0.0-beta.209":
  version "2.0.0-beta.209"
  resolved "https://registry.yarnpkg.com/@tiptap/extension-gapcursor/-/extension-gapcursor-2.0.0-beta.209.tgz#91eadf2863cfd6ba0325d378aff49af95c2783b5"
  integrity sha512-F03mr2VV5bZycIVWHCIYpQTzs9tC+goWJFhbJgPrT62f1gUAnlc1ZRc79mSqw1AxTsfbDvAc65OlUJb0QfxDWA==

"@tiptap/extension-hard-break@^2.0.0-beta.209":
  version "2.0.0-beta.209"
  resolved "https://registry.yarnpkg.com/@tiptap/extension-hard-break/-/extension-hard-break-2.0.0-beta.209.tgz#9e845bb69d7707fd041701513a096302073cb94f"
  integrity sha512-BS0z9SshfJ5ESssiVaVe61901BrTLCAgxc9NPmi4Va2sszXJysI2Vm8q4jDHL6IehkCQpQZNAihT9eSBPHQR0w==

"@tiptap/extension-heading@^2.0.0-beta.209":
  version "2.0.0-beta.209"
  resolved "https://registry.yarnpkg.com/@tiptap/extension-heading/-/extension-heading-2.0.0-beta.209.tgz#7ae7e3f1adac7eaad20dcb30effb4b25f53a453d"
  integrity sha512-eqq9if0XsPjLvivM5gNUqSHj5I4Zpiv66NPO+pM4ig0Wq2CjjxWzzgmdSLfTPGRfsZe9kPCOgO86AAB07am3fQ==

"@tiptap/extension-history@^2.0.0-beta.209":
  version "2.0.0-beta.209"
  resolved "https://registry.yarnpkg.com/@tiptap/extension-history/-/extension-history-2.0.0-beta.209.tgz#4d082a92bd434232b3d3db6584b8dd499086f343"
  integrity sha512-P5nw+r47gBdac4igeaBvW6gxsZUnS67SRgbAyQSmXVe45NXc1t0EUb2Be9YuHRKDVxhJUhGT8NawPY70Fgk4mQ==

"@tiptap/extension-horizontal-rule@^2.0.0-beta.209":
  version "2.0.0-beta.209"
  resolved "https://registry.yarnpkg.com/@tiptap/extension-horizontal-rule/-/extension-horizontal-rule-2.0.0-beta.209.tgz#06d8c9ca43933e338fca31963332639d8dcbe7e8"
  integrity sha512-53RU9kDVb1jowJ3Frx8QW0E05uEOCpeG3HfUCMjz8anGtefxFtMS7xYZ9sC+niJeVmXC+mUSjFGageL4iRIdqA==

"@tiptap/extension-italic@^2.0.0-beta.209":
  version "2.0.0-beta.209"
  resolved "https://registry.yarnpkg.com/@tiptap/extension-italic/-/extension-italic-2.0.0-beta.209.tgz#892ff90de43a5e1e88197e7a9839bbd877027321"
  integrity sha512-KnRdbqfD01tcCnUNypA3TX3FqmQSFwu7/9YU3vwS8Zyaz+OIc/g/vJai5twg1DzFAvIcYWzRFPTFcqkjwkcW1w==

"@tiptap/extension-list-item@^2.0.0-beta.209":
  version "2.0.0-beta.209"
  resolved "https://registry.yarnpkg.com/@tiptap/extension-list-item/-/extension-list-item-2.0.0-beta.209.tgz#d7d6b5c3dce4c048d7216e307c2b2234a5032b65"
  integrity sha512-qkHwymyGfXIVAiqLXvL66UzGLhYpD2BYbSSAIQ6Rmuvk4aeNrsBvFv9tL7+YsYLKvlOa4+Q+PN2uhST+lOH0hw==

"@tiptap/extension-ordered-list@^2.0.0-beta.209":
  version "2.0.0-beta.209"
  resolved "https://registry.yarnpkg.com/@tiptap/extension-ordered-list/-/extension-ordered-list-2.0.0-beta.209.tgz#d22539313c3fb5879d5ee8cd0bab5aff78a6353c"
  integrity sha512-PhJ9uqxqKVO97rb2MzW/TzQJ9XQicp9gsV/y0QbAEv1ZOH9QI/qF5sCe6BfeN8ZoMyYUEh6de3yxQL8iXSFWsw==

"@tiptap/extension-paragraph@^2.0.0-beta.209":
  version "2.0.0-beta.209"
  resolved "https://registry.yarnpkg.com/@tiptap/extension-paragraph/-/extension-paragraph-2.0.0-beta.209.tgz#6c26e94eebfd0207e14601691c121dbf68fc17c2"
  integrity sha512-XkiguVbOX/KJwux2wdurvZRwG1UulpZ3Uhw7Yl59sLBf7YDw8H781EMgVvaLSWf3B1o27/yOyc+kiepW/Pp9Wg==

"@tiptap/extension-strike@^2.0.0-beta.209":
  version "2.0.0-beta.209"
  resolved "https://registry.yarnpkg.com/@tiptap/extension-strike/-/extension-strike-2.0.0-beta.209.tgz#f601b07e186f9079cadff7f29e29107909f5478c"
  integrity sha512-k8yaeyMYBzdq5U1zv5DYZt3KtpglPHV2JX7dYfNyoFpiX+6IJ2EwSuTXUGilZGRpyUw6UxeDF0yJbiOGMeEIDA==

"@tiptap/extension-text@^2.0.0-beta.209":
  version "2.0.0-beta.209"
  resolved "https://registry.yarnpkg.com/@tiptap/extension-text/-/extension-text-2.0.0-beta.209.tgz#f34a6cda849c16d7dbf9677e2cf6242cc6987a9e"
  integrity sha512-12PTPTQViDR7xDLwxGMPiYaV89E9olH/+4Zfoh6QiOjHqhmgYu3+/c8YZ3eARgXnfpy/EzUD0PBxiAyDZJ1vdw==

"@tiptap/starter-kit@^2.0.0-beta.209":
  version "2.0.0-beta.209"
  resolved "https://registry.yarnpkg.com/@tiptap/starter-kit/-/starter-kit-2.0.0-beta.209.tgz#cc21d50b826abf02c97ea426f8fb04cf516f8606"
  integrity sha512-uR68ZfDZ5PeygGey3xc9ZuFIP+K7VRElrABnZcM6t9/Crrs70UFwSTNlkS0ezx9woj8h+8N78a6r8W1YC04TOw==
  dependencies:
    "@tiptap/core" "^2.0.0-beta.209"
    "@tiptap/extension-blockquote" "^2.0.0-beta.209"
    "@tiptap/extension-bold" "^2.0.0-beta.209"
    "@tiptap/extension-bullet-list" "^2.0.0-beta.209"
    "@tiptap/extension-code" "^2.0.0-beta.209"
    "@tiptap/extension-code-block" "^2.0.0-beta.209"
    "@tiptap/extension-document" "^2.0.0-beta.209"
    "@tiptap/extension-dropcursor" "^2.0.0-beta.209"
    "@tiptap/extension-gapcursor" "^2.0.0-beta.209"
    "@tiptap/extension-hard-break" "^2.0.0-beta.209"
    "@tiptap/extension-heading" "^2.0.0-beta.209"
    "@tiptap/extension-history" "^2.0.0-beta.209"
    "@tiptap/extension-horizontal-rule" "^2.0.0-beta.209"
    "@tiptap/extension-italic" "^2.0.0-beta.209"
    "@tiptap/extension-list-item" "^2.0.0-beta.209"
    "@tiptap/extension-ordered-list" "^2.0.0-beta.209"
    "@tiptap/extension-paragraph" "^2.0.0-beta.209"
    "@tiptap/extension-strike" "^2.0.0-beta.209"
    "@tiptap/extension-text" "^2.0.0-beta.209"

esbuild@^0.16.10:
  version "0.16.10"
  resolved "https://registry.yarnpkg.com/esbuild/-/esbuild-0.16.10.tgz#d485c28f1626a3f9c1796c952e4cd0561f0031bb"
  integrity sha512-z5dIViHoVnw2l+NCJ3zj5behdXjYvXne9gL18OOivCadXDUhyDkeSvEtLcGVAJW2fNmh33TDUpsi704XYlDodw==
  optionalDependencies:
    "@esbuild/android-arm" "0.16.10"
    "@esbuild/android-arm64" "0.16.10"
    "@esbuild/android-x64" "0.16.10"
    "@esbuild/darwin-arm64" "0.16.10"
    "@esbuild/darwin-x64" "0.16.10"
    "@esbuild/freebsd-arm64" "0.16.10"
    "@esbuild/freebsd-x64" "0.16.10"
    "@esbuild/linux-arm" "0.16.10"
    "@esbuild/linux-arm64" "0.16.10"
    "@esbuild/linux-ia32" "0.16.10"
    "@esbuild/linux-loong64" "0.16.10"
    "@esbuild/linux-mips64el" "0.16.10"
    "@esbuild/linux-ppc64" "0.16.10"
    "@esbuild/linux-riscv64" "0.16.10"
    "@esbuild/linux-s390x" "0.16.10"
    "@esbuild/linux-x64" "0.16.10"
    "@esbuild/netbsd-x64" "0.16.10"
    "@esbuild/openbsd-x64" "0.16.10"
    "@esbuild/sunos-x64" "0.16.10"
    "@esbuild/win32-arm64" "0.16.10"
    "@esbuild/win32-ia32" "0.16.10"
    "@esbuild/win32-x64" "0.16.10"

isomorphic.js@^0.2.4:
  version "0.2.5"
  resolved "https://registry.yarnpkg.com/isomorphic.js/-/isomorphic.js-0.2.5.tgz#13eecf36f2dba53e85d355e11bf9d4208c6f7f88"
  integrity sha512-PIeMbHqMt4DnUP3MA/Flc0HElYjMXArsw1qwJZcm9sqR8mq3l8NYizFMty0pWwE/tzIGH3EKK5+jes5mAr85yw==

lib0@^0.2.42, lib0@^0.2.49:
  version "0.2.58"
  resolved "https://registry.yarnpkg.com/lib0/-/lib0-0.2.58.tgz#bb5326a1e028f72fd3a5bdb20e61404bff08d0a5"
  integrity sha512-6ovqPaYfOKU7GkkVxz/wjMR0zsqmNsISLvH+h9Lx5YNtWDZey69aYsTGXaSVpUPpJ+ZFtIvcZHsTGL3MbwOM8A==
  dependencies:
    isomorphic.js "^0.2.4"

orderedmap@^2.0.0:
  version "2.1.0"
  resolved "https://registry.yarnpkg.com/orderedmap/-/orderedmap-2.1.0.tgz#819457082fa3a06abd316d83a281a1ca467437cd"
  integrity sha512-/pIFexOm6S70EPdznemIz3BQZoJ4VTFrhqzu0ACBqBgeLsLxq8e6Jim63ImIfwW/zAD1AlXpRMlOv3aghmo4dA==

prosemirror-commands@^1.5.0:
  version "1.5.0"
  resolved "https://registry.yarnpkg.com/prosemirror-commands/-/prosemirror-commands-1.5.0.tgz#d10efece1647c1d984fef6f65d52fdc77785560b"
  integrity sha512-zL0Fxbj3fh71GPNHn5YdYgYGX2aU2XLecZYk2ekEF0oOD259HcXtM+96VjPVi5o3h4sGUdDfEEhGiREXW6U+4A==
  dependencies:
    prosemirror-model "^1.0.0"
    prosemirror-state "^1.0.0"
    prosemirror-transform "^1.0.0"

prosemirror-dropcursor@^1.6.1:
  version "1.6.1"
  resolved "https://registry.yarnpkg.com/prosemirror-dropcursor/-/prosemirror-dropcursor-1.6.1.tgz#31f696172105f232bd17543ccf305e0f33e59d1d"
  integrity sha512-LtyqQpkIknaT7NnZl3vDr3TpkNcG4ABvGRXx37XJ8tJNUGtcrZBh40A0344rDwlRTfUEmynQS/grUsoSWz+HgA==
  dependencies:
    prosemirror-state "^1.0.0"
    prosemirror-transform "^1.1.0"
    prosemirror-view "^1.1.0"

prosemirror-gapcursor@^1.3.1:
  version "1.3.1"
  resolved "https://registry.yarnpkg.com/prosemirror-gapcursor/-/prosemirror-gapcursor-1.3.1.tgz#8cfd874592e4504d63720e14ed680c7866e64554"
  integrity sha512-GKTeE7ZoMsx5uVfc51/ouwMFPq0o8YrZ7Hx4jTF4EeGbXxBveUV8CGv46mSHuBBeXGmvu50guoV2kSnOeZZnUA==
  dependencies:
    prosemirror-keymap "^1.0.0"
    prosemirror-model "^1.0.0"
    prosemirror-state "^1.0.0"
    prosemirror-view "^1.0.0"

prosemirror-history@^1.3.0:
  version "1.3.0"
  resolved "https://registry.yarnpkg.com/prosemirror-history/-/prosemirror-history-1.3.0.tgz#bf5a1ff7759aca759ddf0c722c2fa5b14fb0ddc1"
  integrity sha512-qo/9Wn4B/Bq89/YD+eNWFbAytu6dmIM85EhID+fz9Jcl9+DfGEo8TTSrRhP15+fFEoaPqpHSxlvSzSEbmlxlUA==
  dependencies:
    prosemirror-state "^1.2.2"
    prosemirror-transform "^1.0.0"
    rope-sequence "^1.3.0"

prosemirror-keymap@^1.0.0, prosemirror-keymap@^1.2.0:
  version "1.2.0"
  resolved "https://registry.yarnpkg.com/prosemirror-keymap/-/prosemirror-keymap-1.2.0.tgz#d5cc9da9b712020690a994b50b92a0e448a60bf5"
  integrity sha512-TdSfu+YyLDd54ufN/ZeD1VtBRYpgZnTPnnbY+4R08DDgs84KrIPEPbJL8t1Lm2dkljFx6xeBE26YWH3aIzkPKg==
  dependencies:
    prosemirror-state "^1.0.0"
    w3c-keyname "^2.2.0"

prosemirror-model@^1.0.0, prosemirror-model@^1.16.0, prosemirror-model@^1.18.3:
  version "1.18.3"
  resolved "https://registry.yarnpkg.com/prosemirror-model/-/prosemirror-model-1.18.3.tgz#d1026a78cff928fd600e90d87cf7d162e0a4e3fd"
  integrity sha512-yUVejauEY3F1r7PDy4UJKEGeIU+KFc71JQl5sNvG66CLVdKXRjhWpBW6KMeduGsmGOsw85f6EGrs6QxIKOVILA==
  dependencies:
    orderedmap "^2.0.0"

prosemirror-schema-list@^1.2.2:
  version "1.2.2"
  resolved "https://registry.yarnpkg.com/prosemirror-schema-list/-/prosemirror-schema-list-1.2.2.tgz#bafda37b72367d39accdcaf6ddf8fb654a16e8e5"
  integrity sha512-rd0pqSDp86p0MUMKG903g3I9VmElFkQpkZ2iOd3EOVg1vo5Cst51rAsoE+5IPy0LPXq64eGcCYlW1+JPNxOj2w==
  dependencies:
    prosemirror-model "^1.0.0"
    prosemirror-state "^1.0.0"
    prosemirror-transform "^1.0.0"

prosemirror-state@^1.0.0, prosemirror-state@^1.2.2, prosemirror-state@^1.4.2:
  version "1.4.2"
  resolved "https://registry.yarnpkg.com/prosemirror-state/-/prosemirror-state-1.4.2.tgz#f93bd8a33a4454efab917ba9b738259d828db7e5"
  integrity sha512-puuzLD2mz/oTdfgd8msFbe0A42j5eNudKAAPDB0+QJRw8cO1ygjLmhLrg9RvDpf87Dkd6D4t93qdef00KKNacQ==
  dependencies:
    prosemirror-model "^1.0.0"
    prosemirror-transform "^1.0.0"
    prosemirror-view "^1.27.0"

prosemirror-transform@^1.0.0, prosemirror-transform@^1.1.0, prosemirror-transform@^1.7.0:
  version "1.7.0"
  resolved "https://registry.yarnpkg.com/prosemirror-transform/-/prosemirror-transform-1.7.0.tgz#a8a0768f3ee6418d26ebef435beda9d43c65e472"
  integrity sha512-O4T697Cqilw06Zvc3Wm+e237R6eZtJL/xGMliCi+Uo8VL6qHk6afz1qq0zNjT3eZMuYwnP8ZS0+YxX/tfcE9TQ==
  dependencies:
    prosemirror-model "^1.0.0"

prosemirror-view@^1.0.0, prosemirror-view@^1.1.0, prosemirror-view@^1.27.0, prosemirror-view@^1.29.1:
  version "1.29.1"
  resolved "https://registry.yarnpkg.com/prosemirror-view/-/prosemirror-view-1.29.1.tgz#9a4938d1a863ca76e23c6573d30e3ece2b17d9a0"
  integrity sha512-OhujVZSDsh0l0PyHNdfaBj6DBkbhYaCfbaxmTeFrMKd/eWS+G6IC+OAbmR9IsLC8Se1HSbphMaXnsXjupHL3UQ==
  dependencies:
    prosemirror-model "^1.16.0"
    prosemirror-state "^1.0.0"
    prosemirror-transform "^1.1.0"

rope-sequence@^1.3.0:
  version "1.3.3"
  resolved "https://registry.yarnpkg.com/rope-sequence/-/rope-sequence-1.3.3.tgz#3f67fc106288b84b71532b4a5fd9d4881e4457f0"
  integrity sha512-85aZYCxweiD5J8yTEbw+E6A27zSnLPNDL0WfPdw3YYodq7WjnTKo0q4dtyQ2gz23iPT8Q9CUyJtAaUNcTxRf5Q==

typescript@^4.8.4:
  version "4.9.4"
  resolved "https://registry.yarnpkg.com/typescript/-/typescript-4.9.4.tgz#a2a3d2756c079abda241d75f149df9d561091e78"
  integrity sha512-Uz+dTXYzxXXbsFpM86Wh3dKCxrQqUcVMxwU54orwlJjOpO3ao8L7j5lH+dWfTwgCwIuM9GQ2kvVotzYJMXTBZg==

w3c-keyname@^2.2.0:
  version "2.2.6"
  resolved "https://registry.yarnpkg.com/w3c-keyname/-/w3c-keyname-2.2.6.tgz#8412046116bc16c5d73d4e612053ea10a189c85f"
  integrity sha512-f+fciywl1SJEniZHD6H+kUO8gOnwIr7f4ijKA6+ZvJFjeGi1r4PDLl53Ayud9O/rk64RqgoQine0feoeOU0kXg==

y-prosemirror@^1.2.0:
  version "1.2.0"
  resolved "https://registry.yarnpkg.com/y-prosemirror/-/y-prosemirror-1.2.0.tgz#84771bd350834bc7759e946cd14c62ec26243a5c"
  integrity sha512-t3uxuX4HIkb1GNt8jV+dplRbNH2OmQD/BNeCCbjLD3Mq0o6JEXxHedv58ZIPFDE6ma24jljlL+u8pGvN6B37XQ==
  dependencies:
    lib0 "^0.2.42"
    typescript "^4.8.4"

yjs@^13.5.43:
  version "13.5.43"
  resolved "https://registry.yarnpkg.com/yjs/-/yjs-13.5.43.tgz#96f396d169142c4d0115fe9112913e8e2bded8ef"
  integrity sha512-NJqWuiDOseYjkhnSVo55z+FZD6TsOJBZfMbH2I4OCm5vsgY7TESUjUGb7Pt1lljvvdSfBVj8CxQqZAnVxe5Iyg==
  dependencies:
    lib0 "^0.2.49"
